
Microsoft Visual Studio Solution File, Format Version 12.00
# Visual Studio Version 17
VisualStudioVersion = 17.10.35004.147
MinimumVisualStudioVersion = 10.0.40219.1
Project("{9A19103F-16F7-4668-BE54-9A1E7A4F7556}") = "GoldenRaspberry.API", "GoldenRaspberry.API\GoldenRaspberry.API.csproj", "{8A4A4DC3-9A2D-4648-9DD3-88C98040A440}"
EndProject
Project("{9A19103F-16F7-4668-BE54-9A1E7A4F7556}") = "GoldenRaspberry.Domain", "GoldenRaspberry.Domain\GoldenRaspberry.Domain.csproj", "{07595262-A673-413C-AB1F-6E3EDF7FBE94}"
EndProject
Project("{9A19103F-16F7-4668-BE54-9A1E7A4F7556}") = "GoldenRaspberry.Application", "GoldenRaspberry.Application\GoldenRaspberry.Application.csproj", "{3C1B8DC1-E60F-4E50-8E7D-A116D431EA5A}"
EndProject
Project("{9A19103F-16F7-4668-BE54-9A1E7A4F7556}") = "GoldenRaspberry.Infrastructure", "GoldenRaspberry.Infrastructure\GoldenRaspberry.Infrastructure.csproj", "{9CE96811-CCA3-4FC1-A955-839AF8482743}"
EndProject
Project("{FAE04EC0-301F-11D3-BF4B-00C04F79EFBC}") = "GoldenRaspberry.IntegrationTests", "GoldenRaspberry.IntegrationTests\GoldenRaspberry.IntegrationTests.csproj", "{F7137743-84E7-405D-AE11-6A21FB815A99}"
EndProject
Global
	GlobalSection(SolutionConfigurationPlatforms) = preSolution
		Debug|Any CPU = Debug|Any CPU
		Release|Any CPU = Release|Any CPU
	EndGlobalSection
	GlobalSection(ProjectConfigurationPlatforms) = postSolution
		{8A4A4DC3-9A2D-4648-9DD3-88C98040A440}.Debug|Any CPU.ActiveCfg = Debug|Any CPU
		{8A4A4DC3-9A2D-4648-9DD3-88C98040A440}.Debug|Any CPU.Build.0 = Debug|Any CPU
		{8A4A4DC3-9A2D-4648-9DD3-88C98040A440}.Release|Any CPU.ActiveCfg = Release|Any CPU
		{8A4A4DC3-9A2D-4648-9DD3-88C98040A440}.Release|Any CPU.Build.0 = Release|Any CPU
		{07595262-A673-413C-AB1F-6E3EDF7FBE94}.Debug|Any CPU.ActiveCfg = Debug|Any CPU
		{07595262-A673-413C-AB1F-6E3EDF7FBE94}.Debug|Any CPU.Build.0 = Debug|Any CPU
		{07595262-A673-413C-AB1F-6E3EDF7FBE94}.Release|Any CPU.ActiveCfg = Release|Any CPU
		{07595262-A673-413C-AB1F-6E3EDF7FBE94}.Release|Any CPU.Build.0 = Release|Any CPU
		{3C1B8DC1-E60F-4E50-8E7D-A116D431EA5A}.Debug|Any CPU.ActiveCfg = Debug|Any CPU
		{3C1B8DC1-E60F-4E50-8E7D-A116D431EA5A}.Debug|Any CPU.Build.0 = Debug|Any CPU
		{3C1B8DC1-E60F-4E50-8E7D-A116D431EA5A}.Release|Any CPU.ActiveCfg = Release|Any CPU
		{3C1B8DC1-E60F-4E50-8E7D-A116D431EA5A}.Release|Any CPU.Build.0 = Release|Any CPU
		{9CE96811-CCA3-4FC1-A955-839AF8482743}.Debug|Any CPU.ActiveCfg = Debug|Any CPU
		{9CE96811-CCA3-4FC1-A955-839AF8482743}.Debug|Any CPU.Build.0 = Debug|Any CPU
		{9CE96811-CCA3-4FC1-A955-839AF8482743}.Release|Any CPU.ActiveCfg = Release|Any CPU
		{9CE96811-CCA3-4FC1-A955-839AF8482743}.Release|Any CPU.Build.0 = Release|Any CPU
		{F7137743-84E7-405D-AE11-6A21FB815A99}.Debug|Any CPU.ActiveCfg = Debug|Any CPU
		{F7137743-84E7-405D-AE11-6A21FB815A99}.Debug|Any CPU.Build.0 = Debug|Any CPU
		{F7137743-84E7-405D-AE11-6A21FB815A99}.Release|Any CPU.ActiveCfg = Release|Any CPU
		{F7137743-84E7-405D-AE11-6A21FB815A99}.Release|Any CPU.Build.0 = Release|Any CPU
	EndGlobalSection
	GlobalSection(SolutionProperties) = preSolution
		HideSolutionNode = FALSE
	EndGlobalSection
	GlobalSection(ExtensibilityGlobals) = postSolution
		SolutionGuid = {8A5B4C9A-0FE1-42E3-8222-9A497850695F}
	EndGlobalSection
EndGlobal
